// !$*UTF8*$!
{
	archiveVersion = 1;
	classes = {
	};
	objectVersion = 63;
	objects = {

/* Begin PBXBuildFile section */
		A4A4A4A4A4A4A4A4A4A40001 /* AchievementModels.swift in Sources */ = {isa = PBXBuildFile; fileRef = B4B4B4B4B4B4B4B4B4B40001 /* AchievementModels.swift */; };
		A4A4A4A4A4A4A4A4A4A40002 /* AchievementsViewModel.swift in Sources */ = {isa = PBXBuildFile; fileRef = B4B4B4B4B4B4B4B4B4B40002 /* AchievementsViewModel.swift */; };
		A4A4A4A4A4A4A4A4A4A40003 /* AchievementsView.swift in Sources */ = {isa = PBXBuildFile; fileRef = B4B4B4B4B4B4B4B4B4B40003 /* AchievementsView.swift */; };
		A4A4A4A4A4A4A4A4A4A40004 /* AchievementBadgeView.swift in Sources */ = {isa = PBXBuildFile; fileRef = B4B4B4B4B4B4B4B4B4B40004 /* AchievementBadgeView.swift */; };
		A4A4A4A4A4A4A4A4A4A40005 /* AchievementUnlockedSheet.swift in Sources */ = {isa = PBXBuildFile; fileRef = B4B4B4B4B4B4B4B4B4B40005 /* AchievementUnlockedSheet.swift */; };
		002BDC66CC0558A828A73A77 /* ConflictResolutionView.swift in Sources */ = {isa = PBXBuildFile; fileRef = D02619DD7D3A6CE8F7C3A654 /* ConflictResolutionView.swift */; };
		032A3373AFA6492F46BC146F /* APIModels.swift in Sources */ = {isa = PBXBuildFile; fileRef = 5B910AB57DF2D3765336ED56 /* APIModels.swift */; };
		043A640A42E32B50BE10C075 /* RunLog.swift in Sources */ = {isa = PBXBuildFile; fileRef = 0DECE321D074A4CA4D296A01 /* RunLog.swift */; };
		06B4883AFC84A26DF0C4C646 /* WorkoutDetailView.swift in Sources */ = {isa = PBXBuildFile; fileRef = 2969E7015DB249175ABAF71A /* WorkoutDetailView.swift */; };
		08F32B8EC8A4BA66E3D0744A /* TempWorkoutEditView.swift in Sources */ = {isa = PBXBuildFile; fileRef = D569319A5A7EE27281DEA5BB /* TempWorkoutEditView.swift */; };
		092975510DCAE21B702F02CA /* targetBarCount.swift in Sources */ = {isa = PBXBuildFile; fileRef = DA0737823FAA90539557DE71 /* targetBarCount.swift */; };
		0937548E0DD66D06C8FD8647 /* PaceGraphView.swift in Sources */ = {isa = PBXBuildFile; fileRef = 8D86146F3B33D3FD0DF50DFC /* PaceGraphView.swift */; };
		0B60F542ABB0CFA5E9008DED /* Inter-VariableFont_opsz,wght.ttf in Resources */ = {isa = PBXBuildFile; fileRef = 38F6B941F1713C27FA7F16C7 /* Inter-VariableFont_opsz,wght.ttf */; };
		0BE46DE624FFF1A2FDF02055 /* BarlowCondensed-SemiBold.ttf in Resources */ = {isa = PBXBuildFile; fileRef = BE5D39525560A6244F5756C6 /* BarlowCondensed-SemiBold.ttf */; };
		0DD25B3224EA0635C3450C96 /* DayCardView.swift in Sources */ = {isa = PBXBuildFile; fileRef = FFFD5F0DCAB21632E5C504DF /* DayCardView.swift */; };
		10143AC5EB7956C398B154B5 /* ContentView.swift in Sources */ = {isa = PBXBuildFile; fileRef = E32C01B6F36085FA2560AA9F /* ContentView.swift */; };
		17C530E2AD98F91CBFF48EDD /* DistanceBarChartView.swift in Sources */ = {isa = PBXBuildFile; fileRef = D88EB8478BA69F3274D7D089 /* DistanceBarChartView.swift */; };
		2254C8DD9D622BCDC08F314B /* TrainingCompositionView.swift in Sources */ = {isa = PBXBuildFile; fileRef = FD9CC12B1C80611018D3AA5E /* TrainingCompositionView.swift */; };
		22BC046AC93C6CA3DE12B07B /* Theme.swift in Sources */ = {isa = PBXBuildFile; fileRef = F9EB90E244CCD02B0D2F1B2C /* Theme.swift */; };
		3615430A3BC1456374B7B16B /* DiscoveredDevice.swift in Sources */ = {isa = PBXBuildFile; fileRef = 8365980CD8ACFABCB2E5879D /* DiscoveredDevice.swift */; };
		3A175D743258DA7555ACA133 /* PerformanceAnalysisView.swift in Sources */ = {isa = PBXBuildFile; fileRef = 9DA5F79180C19566514B049A /* PerformanceAnalysisView.swift */; };
		3B5B6924126316EFF62BF0F3 /* StatsSummarySection.swift in Sources */ = {isa = PBXBuildFile; fileRef = 378D4B0EA3160B46C60C81F7 /* StatsSummarySection.swift */; };
		3B6E622FB7A02B766F57D3B4 /* BarlowCondensed-Medium.ttf in Resources */ = {isa = PBXBuildFile; fileRef = 0E26FF7EA84CBB3FC96F725B /* BarlowCondensed-Medium.ttf */; };
		41294782B7493218CDDA0585 /* GoalStepView.swift in Sources */ = {isa = PBXBuildFile; fileRef = 5F66260BECBE7C4BEEAD147D /* GoalStepView.swift */; };
		4367CBA9D75196C53E131817 /* ParsedTreadmillSample.swift in Sources */ = {isa = PBXBuildFile; fileRef = 948A740A4C44EAAA16974725 /* ParsedTreadmillSample.swift */; };
		43BB06A2B540E6E56D71D9C9 /* OnboardingViewModel.swift in Sources */ = {isa = PBXBuildFile; fileRef = 3D7D1971254E98A8E6A0092A /* OnboardingViewModel.swift */; };
		43CD7411A83768019C5AA952 /* SettingsView.swift in Sources */ = {isa = PBXBuildFile; fileRef = 9A2DE0138F37155C1405C5C1 /* SettingsView.swift */; };
		448E32F9221A354DB6841434 /* TrainingIntensityView.swift in Sources */ = {isa = PBXBuildFile; fileRef = F568C1AD0B3BF19624902296 /* TrainingIntensityView.swift */; };
		4857884318492D4BB6AFC900 /* Workout.swift in Sources */ = {isa = PBXBuildFile; fileRef = BE9BABC194B98B14B66A3BAC /* Workout.swift */; };
		4BF47D9F50F92D3226E83440 /* Inter-Medium.ttf in Resources */ = {isa = PBXBuildFile; fileRef = 3CADF0916F4CC069C1A938FC /* Inter-Medium.ttf */; };
		4E98DB43263378FBBEC4BB3E /* StatsViewModel.swift in Sources */ = {isa = PBXBuildFile; fileRef = 670673888B3CFAB76CA70992 /* StatsViewModel.swift */; };
		5043F39D92A7E58637CAC9F2 /* ProgressIndicator.swift in Sources */ = {isa = PBXBuildFile; fileRef = E05839BE194623D5E51B51F0 /* ProgressIndicator.swift */; };
		535FCAD742AE834E1503A837 /* Extensions.swift in Sources */ = {isa = PBXBuildFile; fileRef = ECA49B5DFAFBEF8B31BC12CB /* Extensions.swift */; };
		5633BADF6E1D4BEC739839B3 /* RunViewModel.swift in Sources */ = {isa = PBXBuildFile; fileRef = 5916DA4949AEE665B4FD810E /* RunViewModel.swift */; };
		57D906893C7FCE7B36B0E988 /* OnboardingContainerView.swift in Sources */ = {isa = PBXBuildFile; fileRef = 4BD0DA77CCEE4F4F1B410CAC /* OnboardingContainerView.swift */; };
		5CB5227B856A48363017DDCB /* PlanViewModel.swift in Sources */ = {isa = PBXBuildFile; fileRef = 53DA8DC5D138828DBCBEDBD0 /* PlanViewModel.swift */; };
		5DD533C6B37DABD24E025D31 /* BluetoothManager.swift in Sources */ = {isa = PBXBuildFile; fileRef = D0ACFBC0E7D1E283734B3557 /* BluetoothManager.swift */; };
		5F36E3F15372BFF46F0E5124 /* IconBadge.swift in Sources */ = {isa = PBXBuildFile; fileRef = B1AB1202FAF5CA52ED741430 /* IconBadge.swift */; };
		5F878B3ED5D302EF0B8CBC6B /* WorkoutSample.swift in Sources */ = {isa = PBXBuildFile; fileRef = 4B8EA88AD31125E7128E98C4 /* WorkoutSample.swift */; };
		5F8B41B1DFE81501B387FAFD /* AILoaderView.swift in Sources */ = {isa = PBXBuildFile; fileRef = B293E10EA0515FA169AB4FDB /* AILoaderView.swift */; };
		6152AFFFB51E3B2CAE346D20 /* WeekAccordionView.swift in Sources */ = {isa = PBXBuildFile; fileRef = 49F41395A768E39642797E30 /* WeekAccordionView.swift */; };
		74B2921998D119710B64BDEB /* RunIntensity.swift in Sources */ = {isa = PBXBuildFile; fileRef = 1AC48736D420DF38D1F8E27A /* RunIntensity.swift */; };
		75098619A9473F99B871640D /* MainTabView.swift in Sources */ = {isa = PBXBuildFile; fileRef = CC4E64C470F7D93EB26DDC71 /* MainTabView.swift */; };
		7ACE17A9F4CD43C4844A05BB /* StrengthSummaryView.swift in Sources */ = {isa = PBXBuildFile; fileRef = 85F8A6A34303BBBF26085A40 /* StrengthSummaryView.swift */; };
		7FB7097DC20FDC52F6CBC831 /* ScheduleStepView.swift in Sources */ = {isa = PBXBuildFile; fileRef = 6C80CD798B1EF9E5F2C5AB4F /* ScheduleStepView.swift */; };
		833AF38B38F76E0FB6F4A35F /* FitnessStepView.swift in Sources */ = {isa = PBXBuildFile; fileRef = CA8720CE92C1E0587A35DC7A /* FitnessStepView.swift */; };
		83570F0931123E1643719A96 /* FTMSTreadmillDataParser.swift in Sources */ = {isa = PBXBuildFile; fileRef = 73DE919FA162FA57A48745F5 /* FTMSTreadmillDataParser.swift */; };
		8B17FBE21F2390DE2F387629 /* Week.swift in Sources */ = {isa = PBXBuildFile; fileRef = C86D64CA1EE9FE32AD9A0471 /* Week.swift */; };
		91C430BC9621D76EA785C2D7 /* StatCardView.swift in Sources */ = {isa = PBXBuildFile; fileRef = C8260DB216CEA87FA7ED1126 /* StatCardView.swift */; };
		92C07D38DBB5E335B87497BA /* MilestonesView.swift in Sources */ = {isa = PBXBuildFile; fileRef = 57D55A5E63C92007730090DA /* MilestonesView.swift */; };
		9560771F597566CE22EF32FB /* RaceFinishView.swift in Sources */ = {isa = PBXBuildFile; fileRef = 8D39D6A0F2300867AEF3D76D /* RaceFinishView.swift */; };
		9B100CD117119562B7B08449 /* PlanView.swift in Sources */ = {isa = PBXBuildFile; fileRef = E12C4563B3A9C86BC74AEF33 /* PlanView.swift */; };
		9B6D971D2853E4505809E0A8 /* TrainingPlan.swift in Sources */ = {isa = PBXBuildFile; fileRef = 91A39BAF429C5E1B18997248 /* TrainingPlan.swift */; };
		9E22414D7AEFC96B76DB4103 /* Assets.xcassets in Resources */ = {isa = PBXBuildFile; fileRef = 034FAAB960EF8EA212E1E74D /* Assets.xcassets */; };
		A1B2C3D4E5F60718A1B2C3D4 /* PlanEditViewModel.swift in Sources */ = {isa = PBXBuildFile; fileRef = A1B2C3D4E5F60718A1B2C3D5 /* PlanEditViewModel.swift */; };
		A1B2C3D4E5F60718A1B2C3D6 /* PlanEditInputView.swift in Sources */ = {isa = PBXBuildFile; fileRef = A1B2C3D4E5F60718A1B2C3D7 /* PlanEditInputView.swift */; };
		A1B2C3D4E5F60718A1B2C3D8 /* ArchivedPlansView.swift in Sources */ = {isa = PBXBuildFile; fileRef = A1B2C3D4E5F60718A1B2C3D9 /* ArchivedPlansView.swift */; };
		A86CA2C5C2C55FE60F406C65 /* PlanParser.swift in Sources */ = {isa = PBXBuildFile; fileRef = 0E9FC00211E41BFCA3AE0FCE /* PlanParser.swift */; };
		AC3C6B2537EB3701C7F3717D /* LaunchScreen.storyboard in Resources */ = {isa = PBXBuildFile; fileRef = 3658386F4CA1474CCEC1DDBF /* LaunchScreen.storyboard */; };
		B03C48A3E33CB6AE9F692E46 /* PaceLaneIndicator.swift in Sources */ = {isa = PBXBuildFile; fileRef = 20E3D610A8475F0E356EA2BC /* PaceLaneIndicator.swift */; };
		B096B07A71F0C6E24CA456C6 /* HistoryStepView.swift in Sources */ = {isa = PBXBuildFile; fileRef = 1D6DD8C1DACF9E3B02AD5DE8 /* HistoryStepView.swift */; };
		B1B1B1B1B1B1B1B1B1B10001 /* AuthService.swift in Sources */ = {isa = PBXBuildFile; fileRef = A1A1A1A1A1A1A1A1A1A10001 /* AuthService.swift */; };
		B1B1B1B1B1B1B1B1B1B10002 /* KeychainService.swift in Sources */ = {isa = PBXBuildFile; fileRef = A1A1A1A1A1A1A1A1A1A10002 /* KeychainService.swift */; };
		B1B1B1B1B1B1B1B1B1B10003 /* AuthModels.swift in Sources */ = {isa = PBXBuildFile; fileRef = A1A1A1A1A1A1A1A1A1A10003 /* AuthModels.swift */; };
		B1B1B1B1B1B1B1B1B1B10004 /* AuthView.swift in Sources */ = {isa = PBXBuildFile; fileRef = A1A1A1A1A1A1A1A1A1A10004 /* AuthView.swift */; };
		B1B1B1B1B1B1B1B1B1B10005 /* EmailAuthView.swift in Sources */ = {isa = PBXBuildFile; fileRef = A1A1A1A1A1A1A1A1A1A10005 /* EmailAuthView.swift */; };
		B1B1B1B1B1B1B1B1B1B10006 /* ProfileSetupView.swift in Sources */ = {isa = PBXBuildFile; fileRef = A1A1A1A1A1A1A1A1A1A10006 /* ProfileSetupView.swift */; };
		B1B1B1B1B1B1B1B1B1B10007 /* ProfileView.swift in Sources */ = {isa = PBXBuildFile; fileRef = A1A1A1A1A1A1A1A1A1A10007 /* ProfileView.swift */; };
		B1B1B1B1B1B1B1B1B1B10008 /* EditProfileView.swift in Sources */ = {isa = PBXBuildFile; fileRef = A1A1A1A1A1A1A1A1A1A10008 /* EditProfileView.swift */; };
		B1B1B1B1B1B1B1B1B1B10009 /* ImagePicker.swift in Sources */ = {isa = PBXBuildFile; fileRef = A1A1A1A1A1A1A1A1A1A10009 /* ImagePicker.swift */; };
		C2C2C2C2C2C2C2C2C2C20001 /* SyncModels.swift in Sources */ = {isa = PBXBuildFile; fileRef = D2D2D2D2D2D2D2D2D2D20001 /* SyncModels.swift */; };
		C2C2C2C2C2C2C2C2C2C20002 /* RunSyncService.swift in Sources */ = {isa = PBXBuildFile; fileRef = D2D2D2D2D2D2D2D2D2D20002 /* RunSyncService.swift */; };
		C5C5C5C5C5C5C5C5C5C50001 /* ChallengeModels.swift in Sources */ = {isa = PBXBuildFile; fileRef = D5D5D5D5D5D5D5D5D5D50001 /* ChallengeModels.swift */; };
		C5C5C5C5C5C5C5C5C5C50002 /* ChallengesViewModel.swift in Sources */ = {isa = PBXBuildFile; fileRef = D5D5D5D5D5D5D5D5D5D50002 /* ChallengesViewModel.swift */; };
		C5C5C5C5C5C5C5C5C5C50003 /* ChallengesView.swift in Sources */ = {isa = PBXBuildFile; fileRef = D5D5D5D5D5D5D5D5D5D50003 /* ChallengesView.swift */; };
		C5C5C5C5C5C5C5C5C5C50004 /* ChallengeDetailView.swift in Sources */ = {isa = PBXBuildFile; fileRef = D5D5D5D5D5D5D5D5D5D50004 /* ChallengeDetailView.swift */; };
		C5C5C5C5C5C5C5C5C5C50005 /* ChallengeCardView.swift in Sources */ = {isa = PBXBuildFile; fileRef = D5D5D5D5D5D5D5D5D5D50005 /* ChallengeCardView.swift */; };
		E6E6E6E6E6E6E6E6E6E60001 /* EventModels.swift in Sources */ = {isa = PBXBuildFile; fileRef = F6F6F6F6F6F6F6F6F6F60001 /* EventModels.swift */; };
		E6E6E6E6E6E6E6E6E6E60002 /* EventsViewModel.swift in Sources */ = {isa = PBXBuildFile; fileRef = F6F6F6F6F6F6F6F6F6F60002 /* EventsViewModel.swift */; };
		E6E6E6E6E6E6E6E6E6E60003 /* EventsView.swift in Sources */ = {isa = PBXBuildFile; fileRef = F6F6F6F6F6F6F6F6F6F60003 /* EventsView.swift */; };
		E6E6E6E6E6E6E6E6E6E60004 /* EventCardView.swift in Sources */ = {isa = PBXBuildFile; fileRef = F6F6F6F6F6F6F6F6F6F60004 /* EventCardView.swift */; };
		E6E6E6E6E6E6E6E6E6E60005 /* EventDetailView.swift in Sources */ = {isa = PBXBuildFile; fileRef = F6F6F6F6F6F6F6F6F6F60005 /* EventDetailView.swift */; };
		E3E3E3E3E3E3E3E3E3E30001 /* CommunityModels.swift in Sources */ = {isa = PBXBuildFile; fileRef = F3F3F3F3F3F3F3F3F3F30001 /* CommunityModels.swift */; };
		E3E3E3E3E3E3E3E3E3E30002 /* CommunityViewModel.swift in Sources */ = {isa = PBXBuildFile; fileRef = F3F3F3F3F3F3F3F3F3F30002 /* CommunityViewModel.swift */; };
		E3E3E3E3E3E3E3E3E3E30003 /* CommunityView.swift in Sources */ = {isa = PBXBuildFile; fileRef = F3F3F3F3F3F3F3F3F3F30003 /* CommunityView.swift */; };
		E3E3E3E3E3E3E3E3E3E30004 /* LeaderboardCardView.swift in Sources */ = {isa = PBXBuildFile; fileRef = F3F3F3F3F3F3F3F3F3F30004 /* LeaderboardCardView.swift */; };
		B21D0EF48936007584D446E4 /* PerformanceAnalysisViewModel.swift in Sources */ = {isa = PBXBuildFile; fileRef = B3CF3EB31D82DF81379B02BE /* PerformanceAnalysisViewModel.swift */; };
		B29A4FEAF3DCEA590597D7D5 /* Inter-SemiBold.ttf in Resources */ = {isa = PBXBuildFile; fileRef = 2403A009072F27A704EFAC83 /* Inter-SemiBold.ttf */; };
		C250AB80963A26F3ADFBFABC /* PlanGenerationView.swift in Sources */ = {isa = PBXBuildFile; fileRef = 2FBE1210D597AA057ACAA5CA /* PlanGenerationView.swift */; };
		C281A005AFF4D227617CB330 /* Inter-Bold.ttf in Resources */ = {isa = PBXBuildFile; fileRef = B6F869B9E012FA4FAF212E39 /* Inter-Bold.ttf */; };
		C5CDFEB33FD79FFCCA5056C8 /* StrideIcons.swift in Sources */ = {isa = PBXBuildFile; fileRef = C3FF22135B7559683C3C518A /* StrideIcons.swift */; };
		CAA191D96B407821677A2B28 /* BarlowCondensed-Regular.ttf in Resources */ = {isa = PBXBuildFile; fileRef = 7B4C547D731A65985EFED66E /* BarlowCondensed-Regular.ttf */; };
		CB8F9F75867C1FBF5A51D26C /* Inter-Regular.ttf in Resources */ = {isa = PBXBuildFile; fileRef = 61F9F27F007E18C3ADAA4E3D /* Inter-Regular.ttf */; };
		CD36443E14A94884ECABAB98 /* PaceSmoother.swift in Sources */ = {isa = PBXBuildFile; fileRef = 4508956BF608D89094780105 /* PaceSmoother.swift */; };
		D0E07D593E78C5B72766780D /* AdherenceView.swift in Sources */ = {isa = PBXBuildFile; fileRef = 3C507C81F068AF03CB84A826 /* AdherenceView.swift */; };
		D2A17EA2B9B70166791C2458 /* LongRunProgressView.swift in Sources */ = {isa = PBXBuildFile; fileRef = 655B97ADC1AC5D1395E20056 /* LongRunProgressView.swift */; };
		D2D830BF4AC1C534CB3380DB /* Enums.swift in Sources */ = {isa = PBXBuildFile; fileRef = CBDFBC256EBFCE12022D06BE /* Enums.swift */; };
		D803C8703977A7ADD9784E4D /* RunLobbyView.swift in Sources */ = {isa = PBXBuildFile; fileRef = D1D61CC68A899445D3229F8C /* RunLobbyView.swift */; };
		D8D8E890053AB5306CB5F7FA /* SyncService.swift in Sources */ = {isa = PBXBuildFile; fileRef = 3544FC46D8B898BFE07A3DFE /* SyncService.swift */; };
		D947164B92B46FF721E7F36C /* RunSummaryView.swift in Sources */ = {isa = PBXBuildFile; fileRef = DF0D4A83A8A568CFE3C7455A /* RunSummaryView.swift */; };
		DC12BA4C31747F5FB355F279 /* RunView.swift in Sources */ = {isa = PBXBuildFile; fileRef = 9CCA5FC9521D91DEB1FCCEB8 /* RunView.swift */; };
		DEB4E1DCDBC42112134F1AE9 /* DailyRunLogView.swift in Sources */ = {isa = PBXBuildFile; fileRef = EB46A9A61F08082A4F9F08EC /* DailyRunLogView.swift */; };
		DEE2FDC5575302911E44450A /* StatsView.swift in Sources */ = {isa = PBXBuildFile; fileRef = B4DA98596FCFD4C9D5A84862 /* StatsView.swift */; };
		E1E51C53610B11E225DAE7DE /* PlanLogger.swift in Sources */ = {isa = PBXBuildFile; fileRef = EC0623CDA6C862A5CE166B6A /* PlanLogger.swift */; };
		ED231DE6D420D97EF7892620 /* RunScoringService.swift in Sources */ = {isa = PBXBuildFile; fileRef = C7F42E61428477E09BB5E6D6 /* RunScoringService.swift */; };
		FB247FE730FB98CBFA0BB5A6 /* StrideApp.swift in Sources */ = {isa = PBXBuildFile; fileRef = 4606D673C404874E395422F9 /* StrideApp.swift */; };
		FE272FC0F51F1066BEC6B46D /* BarlowCondensed-Bold.ttf in Resources */ = {isa = PBXBuildFile; fileRef = E51BA7A68DA682181845EC5C /* BarlowCondensed-Bold.ttf */; };
		FEDE74C63729822C2FDB5C2C /* APIService.swift in Sources */ = {isa = PBXBuildFile; fileRef = C565B695627C8DAB71312497 /* APIService.swift */; };
		PH_FRAMEWORK_REF /* PostHog in Frameworks */ = {isa = PBXBuildFile; productRef = BD986FD12F40D81C00515D79 /* PostHog */; };
		H8H89912974A5FE1A48E0D26 /* SocialModels.swift in Sources */ = {isa = PBXBuildFile; fileRef = G7G71A64F5D4A1E5E1D32246 /* SocialModels.swift */; };
		H8H858862AB582138872F5E5 /* UserSearchViewModel.swift in Sources */ = {isa = PBXBuildFile; fileRef = G7G730B00EA5B87AD3DA9B77 /* UserSearchViewModel.swift */; };
		H8H863B9BE92BBAC44570D40 /* ActivityFeedViewModel.swift in Sources */ = {isa = PBXBuildFile; fileRef = G7G765A38338D3B27C14E7E2 /* ActivityFeedViewModel.swift */; };
		H8H80F0ED2452ACCB3AAFF73 /* TeamsViewModel.swift in Sources */ = {isa = PBXBuildFile; fileRef = G7G7F66608A7D2989DEC4AA7 /* TeamsViewModel.swift */; };
		H8H8D04E33B9DC8D4CA08AEE /* UserSearchView.swift in Sources */ = {isa = PBXBuildFile; fileRef = G7G7544F134DFD2C31387ED5 /* UserSearchView.swift */; };
		H8H8FB126CBD63F3D71615E5 /* UserProfileView.swift in Sources */ = {isa = PBXBuildFile; fileRef = G7G7210E0B20BF212A117CA3 /* UserProfileView.swift */; };
		H8H8D9772F4C7F46F140A12F /* ActivityFeedView.swift in Sources */ = {isa = PBXBuildFile; fileRef = G7G73EA25BE1F9FB7971B976 /* ActivityFeedView.swift */; };
		H8H845E7BA0C5269D16C5360 /* TeamsView.swift in Sources */ = {isa = PBXBuildFile; fileRef = G7G7D566B14CA2D0FF925AE4 /* TeamsView.swift */; };
		H8H8B66509D0299860D67E24 /* TeamDetailView.swift in Sources */ = {isa = PBXBuildFile; fileRef = G7G7576135914F33D03353C2 /* TeamDetailView.swift */; };
/* End PBXBuildFile section */

/* Begin PBXFileReference section */
		B4B4B4B4B4B4B4B4B4B40001 /* AchievementModels.swift */ = {isa = PBXFileReference; lastKnownFileType = sourcecode.swift; path = AchievementModels.swift; sourceTree = "<group>"; };
		B4B4B4B4B4B4B4B4B4B40002 /* AchievementsViewModel.swift */ = {isa = PBXFileReference; lastKnownFileType = sourcecode.swift; path = AchievementsViewModel.swift; sourceTree = "<group>"; };
		B4B4B4B4B4B4B4B4B4B40003 /* AchievementsView.swift */ = {isa = PBXFileReference; lastKnownFileType = sourcecode.swift; path = AchievementsView.swift; sourceTree = "<group>"; };
		B4B4B4B4B4B4B4B4B4B40004 /* AchievementBadgeView.swift */ = {isa = PBXFileReference; lastKnownFileType = sourcecode.swift; path = AchievementBadgeView.swift; sourceTree = "<group>"; };
		B4B4B4B4B4B4B4B4B4B40005 /* AchievementUnlockedSheet.swift */ = {isa = PBXFileReference; lastKnownFileType = sourcecode.swift; path = AchievementUnlockedSheet.swift; sourceTree = "<group>"; };
		034FAAB960EF8EA212E1E74D /* Assets.xcassets */ = {isa = PBXFileReference; lastKnownFileType = folder.assetcatalog; path = Assets.xcassets; sourceTree = "<group>"; };
		0DECE321D074A4CA4D296A01 /* RunLog.swift */ = {isa = PBXFileReference; lastKnownFileType = sourcecode.swift; path = RunLog.swift; sourceTree = "<group>"; };
		0E26FF7EA84CBB3FC96F725B /* BarlowCondensed-Medium.ttf */ = {isa = PBXFileReference; lastKnownFileType = file; path = "BarlowCondensed-Medium.ttf"; sourceTree = "<group>"; };
		0E9FC00211E41BFCA3AE0FCE /* PlanParser.swift */ = {isa = PBXFileReference; lastKnownFileType = sourcecode.swift; path = PlanParser.swift; sourceTree = "<group>"; };
		1AC48736D420DF38D1F8E27A /* RunIntensity.swift */ = {isa = PBXFileReference; lastKnownFileType = sourcecode.swift; path = RunIntensity.swift; sourceTree = "<group>"; };
		1D6DD8C1DACF9E3B02AD5DE8 /* HistoryStepView.swift */ = {isa = PBXFileReference; lastKnownFileType = sourcecode.swift; path = HistoryStepView.swift; sourceTree = "<group>"; };
		20E3D610A8475F0E356EA2BC /* PaceLaneIndicator.swift */ = {isa = PBXFileReference; lastKnownFileType = sourcecode.swift; path = PaceLaneIndicator.swift; sourceTree = "<group>"; };
		2403A009072F27A704EFAC83 /* Inter-SemiBold.ttf */ = {isa = PBXFileReference; lastKnownFileType = file; path = "Inter-SemiBold.ttf"; sourceTree = "<group>"; };
		2969E7015DB249175ABAF71A /* WorkoutDetailView.swift */ = {isa = PBXFileReference; lastKnownFileType = sourcecode.swift; path = WorkoutDetailView.swift; sourceTree = "<group>"; };
		2FBE1210D597AA057ACAA5CA /* PlanGenerationView.swift */ = {isa = PBXFileReference; lastKnownFileType = sourcecode.swift; path = PlanGenerationView.swift; sourceTree = "<group>"; };
		3544FC46D8B898BFE07A3DFE /* SyncService.swift */ = {isa = PBXFileReference; lastKnownFileType = sourcecode.swift; path = SyncService.swift; sourceTree = "<group>"; };
		3658386F4CA1474CCEC1DDBF /* LaunchScreen.storyboard */ = {isa = PBXFileReference; lastKnownFileType = file.storyboard; path = LaunchScreen.storyboard; sourceTree = "<group>"; };
		378D4B0EA3160B46C60C81F7 /* StatsSummarySection.swift */ = {isa = PBXFileReference; lastKnownFileType = sourcecode.swift; path = StatsSummarySection.swift; sourceTree = "<group>"; };
		38F6B941F1713C27FA7F16C7 /* Inter-VariableFont_opsz,wght.ttf */ = {isa = PBXFileReference; lastKnownFileType = file; path = "Inter-VariableFont_opsz,wght.ttf"; sourceTree = "<group>"; };
		3C507C81F068AF03CB84A826 /* AdherenceView.swift */ = {isa = PBXFileReference; lastKnownFileType = sourcecode.swift; path = AdherenceView.swift; sourceTree = "<group>"; };
		3CADF0916F4CC069C1A938FC /* Inter-Medium.ttf */ = {isa = PBXFileReference; lastKnownFileType = file; path = "Inter-Medium.ttf"; sourceTree = "<group>"; };
		3D7D1971254E98A8E6A0092A /* OnboardingViewModel.swift */ = {isa = PBXFileReference; lastKnownFileType = sourcecode.swift; path = OnboardingViewModel.swift; sourceTree = "<group>"; };
		4508956BF608D89094780105 /* PaceSmoother.swift */ = {isa = PBXFileReference; lastKnownFileType = sourcecode.swift; path = PaceSmoother.swift; sourceTree = "<group>"; };
		4606D673C404874E395422F9 /* StrideApp.swift */ = {isa = PBXFileReference; lastKnownFileType = sourcecode.swift; path = StrideApp.swift; sourceTree = "<group>"; };
		49F41395A768E39642797E30 /* WeekAccordionView.swift */ = {isa = PBXFileReference; lastKnownFileType = sourcecode.swift; path = WeekAccordionView.swift; sourceTree = "<group>"; };
		4B8EA88AD31125E7128E98C4 /* WorkoutSample.swift */ = {isa = PBXFileReference; lastKnownFileType = sourcecode.swift; path = WorkoutSample.swift; sourceTree = "<group>"; };
		4BD0DA77CCEE4F4F1B410CAC /* OnboardingContainerView.swift */ = {isa = PBXFileReference; lastKnownFileType = sourcecode.swift; path = OnboardingContainerView.swift; sourceTree = "<group>"; };
		53DA8DC5D138828DBCBEDBD0 /* PlanViewModel.swift */ = {isa = PBXFileReference; lastKnownFileType = sourcecode.swift; path = PlanViewModel.swift; sourceTree = "<group>"; };
		57D55A5E63C92007730090DA /* MilestonesView.swift */ = {isa = PBXFileReference; lastKnownFileType = sourcecode.swift; path = MilestonesView.swift; sourceTree = "<group>"; };
		5916DA4949AEE665B4FD810E /* RunViewModel.swift */ = {isa = PBXFileReference; lastKnownFileType = sourcecode.swift; path = RunViewModel.swift; sourceTree = "<group>"; };
		5B910AB57DF2D3765336ED56 /* APIModels.swift */ = {isa = PBXFileReference; lastKnownFileType = sourcecode.swift; path = APIModels.swift; sourceTree = "<group>"; };
		5F66260BECBE7C4BEEAD147D /* GoalStepView.swift */ = {isa = PBXFileReference; lastKnownFileType = sourcecode.swift; path = GoalStepView.swift; sourceTree = "<group>"; };
		61F9F27F007E18C3ADAA4E3D /* Inter-Regular.ttf */ = {isa = PBXFileReference; lastKnownFileType = file; path = "Inter-Regular.ttf"; sourceTree = "<group>"; };
		655B97ADC1AC5D1395E20056 /* LongRunProgressView.swift */ = {isa = PBXFileReference; lastKnownFileType = sourcecode.swift; path = LongRunProgressView.swift; sourceTree = "<group>"; };
		670673888B3CFAB76CA70992 /* StatsViewModel.swift */ = {isa = PBXFileReference; lastKnownFileType = sourcecode.swift; path = StatsViewModel.swift; sourceTree = "<group>"; };
		6C80CD798B1EF9E5F2C5AB4F /* ScheduleStepView.swift */ = {isa = PBXFileReference; lastKnownFileType = sourcecode.swift; path = ScheduleStepView.swift; sourceTree = "<group>"; };
		6CD7CC89563B45008C986776 /* StrideApp.app */ = {isa = PBXFileReference; explicitFileType = wrapper.application; includeInIndex = 0; path = StrideApp.app; sourceTree = BUILT_PRODUCTS_DIR; };
		73DE919FA162FA57A48745F5 /* FTMSTreadmillDataParser.swift */ = {isa = PBXFileReference; lastKnownFileType = sourcecode.swift; path = FTMSTreadmillDataParser.swift; sourceTree = "<group>"; };
		7B4C547D731A65985EFED66E /* BarlowCondensed-Regular.ttf */ = {isa = PBXFileReference; lastKnownFileType = file; path = "BarlowCondensed-Regular.ttf"; sourceTree = "<group>"; };
		8365980CD8ACFABCB2E5879D /* DiscoveredDevice.swift */ = {isa = PBXFileReference; lastKnownFileType = sourcecode.swift; path = DiscoveredDevice.swift; sourceTree = "<group>"; };
		85F8A6A34303BBBF26085A40 /* StrengthSummaryView.swift */ = {isa = PBXFileReference; lastKnownFileType = sourcecode.swift; path = StrengthSummaryView.swift; sourceTree = "<group>"; };
		8D39D6A0F2300867AEF3D76D /* RaceFinishView.swift */ = {isa = PBXFileReference; lastKnownFileType = sourcecode.swift; path = RaceFinishView.swift; sourceTree = "<group>"; };
		8D86146F3B33D3FD0DF50DFC /* PaceGraphView.swift */ = {isa = PBXFileReference; lastKnownFileType = sourcecode.swift; path = PaceGraphView.swift; sourceTree = "<group>"; };
		91A39BAF429C5E1B18997248 /* TrainingPlan.swift */ = {isa = PBXFileReference; lastKnownFileType = sourcecode.swift; path = TrainingPlan.swift; sourceTree = "<group>"; };
		948A740A4C44EAAA16974725 /* ParsedTreadmillSample.swift */ = {isa = PBXFileReference; lastKnownFileType = sourcecode.swift; path = ParsedTreadmillSample.swift; sourceTree = "<group>"; };
		9A2DE0138F37155C1405C5C1 /* SettingsView.swift */ = {isa = PBXFileReference; lastKnownFileType = sourcecode.swift; path = SettingsView.swift; sourceTree = "<group>"; };
		9CCA5FC9521D91DEB1FCCEB8 /* RunView.swift */ = {isa = PBXFileReference; lastKnownFileType = sourcecode.swift; path = RunView.swift; sourceTree = "<group>"; };
		9DA5F79180C19566514B049A /* PerformanceAnalysisView.swift */ = {isa = PBXFileReference; lastKnownFileType = sourcecode.swift; path = PerformanceAnalysisView.swift; sourceTree = "<group>"; };
		A1A1A1A1A1A1A1A1A1A10001 /* AuthService.swift */ = {isa = PBXFileReference; lastKnownFileType = sourcecode.swift; path = AuthService.swift; sourceTree = "<group>"; };
		A1A1A1A1A1A1A1A1A1A10002 /* KeychainService.swift */ = {isa = PBXFileReference; lastKnownFileType = sourcecode.swift; path = KeychainService.swift; sourceTree = "<group>"; };
		A1A1A1A1A1A1A1A1A1A10003 /* AuthModels.swift */ = {isa = PBXFileReference; lastKnownFileType = sourcecode.swift; path = AuthModels.swift; sourceTree = "<group>"; };
		A1A1A1A1A1A1A1A1A1A10004 /* AuthView.swift */ = {isa = PBXFileReference; lastKnownFileType = sourcecode.swift; path = AuthView.swift; sourceTree = "<group>"; };
		A1A1A1A1A1A1A1A1A1A10005 /* EmailAuthView.swift */ = {isa = PBXFileReference; lastKnownFileType = sourcecode.swift; path = EmailAuthView.swift; sourceTree = "<group>"; };
		A1A1A1A1A1A1A1A1A1A10006 /* ProfileSetupView.swift */ = {isa = PBXFileReference; lastKnownFileType = sourcecode.swift; path = ProfileSetupView.swift; sourceTree = "<group>"; };
		A1A1A1A1A1A1A1A1A1A10007 /* ProfileView.swift */ = {isa = PBXFileReference; lastKnownFileType = sourcecode.swift; path = ProfileView.swift; sourceTree = "<group>"; };
		A1A1A1A1A1A1A1A1A1A10008 /* EditProfileView.swift */ = {isa = PBXFileReference; lastKnownFileType = sourcecode.swift; path = EditProfileView.swift; sourceTree = "<group>"; };
		A1A1A1A1A1A1A1A1A1A10009 /* ImagePicker.swift */ = {isa = PBXFileReference; lastKnownFileType = sourcecode.swift; path = ImagePicker.swift; sourceTree = "<group>"; };
		D2D2D2D2D2D2D2D2D2D20001 /* SyncModels.swift */ = {isa = PBXFileReference; lastKnownFileType = sourcecode.swift; path = SyncModels.swift; sourceTree = "<group>"; };
		D2D2D2D2D2D2D2D2D2D20002 /* RunSyncService.swift */ = {isa = PBXFileReference; lastKnownFileType = sourcecode.swift; path = RunSyncService.swift; sourceTree = "<group>"; };
		D5D5D5D5D5D5D5D5D5D50001 /* ChallengeModels.swift */ = {isa = PBXFileReference; lastKnownFileType = sourcecode.swift; path = ChallengeModels.swift; sourceTree = "<group>"; };
		D5D5D5D5D5D5D5D5D5D50002 /* ChallengesViewModel.swift */ = {isa = PBXFileReference; lastKnownFileType = sourcecode.swift; path = ChallengesViewModel.swift; sourceTree = "<group>"; };
		D5D5D5D5D5D5D5D5D5D50003 /* ChallengesView.swift */ = {isa = PBXFileReference; lastKnownFileType = sourcecode.swift; path = ChallengesView.swift; sourceTree = "<group>"; };
		D5D5D5D5D5D5D5D5D5D50004 /* ChallengeDetailView.swift */ = {isa = PBXFileReference; lastKnownFileType = sourcecode.swift; path = ChallengeDetailView.swift; sourceTree = "<group>"; };
		D5D5D5D5D5D5D5D5D5D50005 /* ChallengeCardView.swift */ = {isa = PBXFileReference; lastKnownFileType = sourcecode.swift; path = ChallengeCardView.swift; sourceTree = "<group>"; };
		F6F6F6F6F6F6F6F6F6F60001 /* EventModels.swift */ = {isa = PBXFileReference; lastKnownFileType = sourcecode.swift; path = EventModels.swift; sourceTree = "<group>"; };
		F6F6F6F6F6F6F6F6F6F60002 /* EventsViewModel.swift */ = {isa = PBXFileReference; lastKnownFileType = sourcecode.swift; path = EventsViewModel.swift; sourceTree = "<group>"; };
		F6F6F6F6F6F6F6F6F6F60003 /* EventsView.swift */ = {isa = PBXFileReference; lastKnownFileType = sourcecode.swift; path = EventsView.swift; sourceTree = "<group>"; };
		F6F6F6F6F6F6F6F6F6F60004 /* EventCardView.swift */ = {isa = PBXFileReference; lastKnownFileType = sourcecode.swift; path = EventCardView.swift; sourceTree = "<group>"; };
		F6F6F6F6F6F6F6F6F6F60005 /* EventDetailView.swift */ = {isa = PBXFileReference; lastKnownFileType = sourcecode.swift; path = EventDetailView.swift; sourceTree = "<group>"; };
		F3F3F3F3F3F3F3F3F3F30001 /* CommunityModels.swift */ = {isa = PBXFileReference; lastKnownFileType = sourcecode.swift; path = CommunityModels.swift; sourceTree = "<group>"; };
		F3F3F3F3F3F3F3F3F3F30002 /* CommunityViewModel.swift */ = {isa = PBXFileReference; lastKnownFileType = sourcecode.swift; path = CommunityViewModel.swift; sourceTree = "<group>"; };
		F3F3F3F3F3F3F3F3F3F30003 /* CommunityView.swift */ = {isa = PBXFileReference; lastKnownFileType = sourcecode.swift; path = CommunityView.swift; sourceTree = "<group>"; };
		F3F3F3F3F3F3F3F3F3F30004 /* LeaderboardCardView.swift */ = {isa = PBXFileReference; lastKnownFileType = sourcecode.swift; path = LeaderboardCardView.swift; sourceTree = "<group>"; };
		A1B2C3D4E5F60718A1B2C3D5 /* PlanEditViewModel.swift */ = {isa = PBXFileReference; lastKnownFileType = sourcecode.swift; path = PlanEditViewModel.swift; sourceTree = "<group>"; };
		A1B2C3D4E5F60718A1B2C3D7 /* PlanEditInputView.swift */ = {isa = PBXFileReference; lastKnownFileType = sourcecode.swift; path = PlanEditInputView.swift; sourceTree = "<group>"; };
		A1B2C3D4E5F60718A1B2C3D9 /* ArchivedPlansView.swift */ = {isa = PBXFileReference; lastKnownFileType = sourcecode.swift; path = ArchivedPlansView.swift; sourceTree = "<group>"; };
		B1AB1202FAF5CA52ED741430 /* IconBadge.swift */ = {isa = PBXFileReference; lastKnownFileType = sourcecode.swift; path = IconBadge.swift; sourceTree = "<group>"; };
		B293E10EA0515FA169AB4FDB /* AILoaderView.swift */ = {isa = PBXFileReference; lastKnownFileType = sourcecode.swift; path = AILoaderView.swift; sourceTree = "<group>"; };
		B3CF3EB31D82DF81379B02BE /* PerformanceAnalysisViewModel.swift */ = {isa = PBXFileReference; lastKnownFileType = sourcecode.swift; path = PerformanceAnalysisViewModel.swift; sourceTree = "<group>"; };
		B4DA98596FCFD4C9D5A84862 /* StatsView.swift */ = {isa = PBXFileReference; lastKnownFileType = sourcecode.swift; path = StatsView.swift; sourceTree = "<group>"; };
		B6F869B9E012FA4FAF212E39 /* Inter-Bold.ttf */ = {isa = PBXFileReference; lastKnownFileType = file; path = "Inter-Bold.ttf"; sourceTree = "<group>"; };
		BE5D39525560A6244F5756C6 /* BarlowCondensed-SemiBold.ttf */ = {isa = PBXFileReference; lastKnownFileType = file; path = "BarlowCondensed-SemiBold.ttf"; sourceTree = "<group>"; };
		BE9BABC194B98B14B66A3BAC /* Workout.swift */ = {isa = PBXFileReference; lastKnownFileType = sourcecode.swift; path = Workout.swift; sourceTree = "<group>"; };
		C3FF22135B7559683C3C518A /* StrideIcons.swift */ = {isa = PBXFileReference; lastKnownFileType = sourcecode.swift; path = StrideIcons.swift; sourceTree = "<group>"; };
		C565B695627C8DAB71312497 /* APIService.swift */ = {isa = PBXFileReference; lastKnownFileType = sourcecode.swift; path = APIService.swift; sourceTree = "<group>"; };
		C7F42E61428477E09BB5E6D6 /* RunScoringService.swift */ = {isa = PBXFileReference; lastKnownFileType = sourcecode.swift; path = RunScoringService.swift; sourceTree = "<group>"; };
		C8260DB216CEA87FA7ED1126 /* StatCardView.swift */ = {isa = PBXFileReference; lastKnownFileType = sourcecode.swift; path = StatCardView.swift; sourceTree = "<group>"; };
		C86D64CA1EE9FE32AD9A0471 /* Week.swift */ = {isa = PBXFileReference; lastKnownFileType = sourcecode.swift; path = Week.swift; sourceTree = "<group>"; };
		CA8720CE92C1E0587A35DC7A /* FitnessStepView.swift */ = {isa = PBXFileReference; lastKnownFileType = sourcecode.swift; path = FitnessStepView.swift; sourceTree = "<group>"; };
		CBDFBC256EBFCE12022D06BE /* Enums.swift */ = {isa = PBXFileReference; lastKnownFileType = sourcecode.swift; path = Enums.swift; sourceTree = "<group>"; };
		CC4E64C470F7D93EB26DDC71 /* MainTabView.swift */ = {isa = PBXFileReference; lastKnownFileType = sourcecode.swift; path = MainTabView.swift; sourceTree = "<group>"; };
		D02619DD7D3A6CE8F7C3A654 /* ConflictResolutionView.swift */ = {isa = PBXFileReference; lastKnownFileType = sourcecode.swift; path = ConflictResolutionView.swift; sourceTree = "<group>"; };
		D0ACFBC0E7D1E283734B3557 /* BluetoothManager.swift */ = {isa = PBXFileReference; lastKnownFileType = sourcecode.swift; path = BluetoothManager.swift; sourceTree = "<group>"; };
		D1D61CC68A899445D3229F8C /* RunLobbyView.swift */ = {isa = PBXFileReference; lastKnownFileType = sourcecode.swift; path = RunLobbyView.swift; sourceTree = "<group>"; };
		D569319A5A7EE27281DEA5BB /* TempWorkoutEditView.swift */ = {isa = PBXFileReference; lastKnownFileType = sourcecode.swift; path = TempWorkoutEditView.swift; sourceTree = "<group>"; };
		D88EB8478BA69F3274D7D089 /* DistanceBarChartView.swift */ = {isa = PBXFileReference; lastKnownFileType = sourcecode.swift; path = DistanceBarChartView.swift; sourceTree = "<group>"; };
		DA0737823FAA90539557DE71 /* targetBarCount.swift */ = {isa = PBXFileReference; lastKnownFileType = sourcecode.swift; path = targetBarCount.swift; sourceTree = "<group>"; };
		DF0D4A83A8A568CFE3C7455A /* RunSummaryView.swift */ = {isa = PBXFileReference; lastKnownFileType = sourcecode.swift; path = RunSummaryView.swift; sourceTree = "<group>"; };
		E05839BE194623D5E51B51F0 /* ProgressIndicator.swift */ = {isa = PBXFileReference; lastKnownFileType = sourcecode.swift; path = ProgressIndicator.swift; sourceTree = "<group>"; };
		E12C4563B3A9C86BC74AEF33 /* PlanView.swift */ = {isa = PBXFileReference; lastKnownFileType = sourcecode.swift; path = PlanView.swift; sourceTree = "<group>"; };
		E32C01B6F36085FA2560AA9F /* ContentView.swift */ = {isa = PBXFileReference; lastKnownFileType = sourcecode.swift; path = ContentView.swift; sourceTree = "<group>"; };
		E51BA7A68DA682181845EC5C /* BarlowCondensed-Bold.ttf */ = {isa = PBXFileReference; lastKnownFileType = file; path = "BarlowCondensed-Bold.ttf"; sourceTree = "<group>"; };
		EB46A9A61F08082A4F9F08EC /* DailyRunLogView.swift */ = {isa = PBXFileReference; lastKnownFileType = sourcecode.swift; path = DailyRunLogView.swift; sourceTree = "<group>"; };
		EC0623CDA6C862A5CE166B6A /* PlanLogger.swift */ = {isa = PBXFileReference; lastKnownFileType = sourcecode.swift; path = PlanLogger.swift; sourceTree = "<group>"; };
		ECA49B5DFAFBEF8B31BC12CB /* Extensions.swift */ = {isa = PBXFileReference; lastKnownFileType = sourcecode.swift; path = Extensions.swift; sourceTree = "<group>"; };
		F568C1AD0B3BF19624902296 /* TrainingIntensityView.swift */ = {isa = PBXFileReference; lastKnownFileType = sourcecode.swift; path = TrainingIntensityView.swift; sourceTree = "<group>"; };
		F9EB90E244CCD02B0D2F1B2C /* Theme.swift */ = {isa = PBXFileReference; lastKnownFileType = sourcecode.swift; path = Theme.swift; sourceTree = "<group>"; };
		FD9CC12B1C80611018D3AA5E /* TrainingCompositionView.swift */ = {isa = PBXFileReference; lastKnownFileType = sourcecode.swift; path = TrainingCompositionView.swift; sourceTree = "<group>"; };
		FFFD5F0DCAB21632E5C504DF /* DayCardView.swift */ = {isa = PBXFileReference; lastKnownFileType = sourcecode.swift; path = DayCardView.swift; sourceTree = "<group>"; };
		G7G71A64F5D4A1E5E1D32246 /* SocialModels.swift */ = {isa = PBXFileReference; lastKnownFileType = sourcecode.swift; path = SocialModels.swift; sourceTree = "<group>"; };
		G7G730B00EA5B87AD3DA9B77 /* UserSearchViewModel.swift */ = {isa = PBXFileReference; lastKnownFileType = sourcecode.swift; path = UserSearchViewModel.swift; sourceTree = "<group>"; };
		G7G765A38338D3B27C14E7E2 /* ActivityFeedViewModel.swift */ = {isa = PBXFileReference; lastKnownFileType = sourcecode.swift; path = ActivityFeedViewModel.swift; sourceTree = "<group>"; };
		G7G7F66608A7D2989DEC4AA7 /* TeamsViewModel.swift */ = {isa = PBXFileReference; lastKnownFileType = sourcecode.swift; path = TeamsViewModel.swift; sourceTree = "<group>"; };
		G7G7544F134DFD2C31387ED5 /* UserSearchView.swift */ = {isa = PBXFileReference; lastKnownFileType = sourcecode.swift; path = UserSearchView.swift; sourceTree = "<group>"; };
		G7G7210E0B20BF212A117CA3 /* UserProfileView.swift */ = {isa = PBXFileReference; lastKnownFileType = sourcecode.swift; path = UserProfileView.swift; sourceTree = "<group>"; };
		G7G73EA25BE1F9FB7971B976 /* ActivityFeedView.swift */ = {isa = PBXFileReference; lastKnownFileType = sourcecode.swift; path = ActivityFeedView.swift; sourceTree = "<group>"; };
		G7G7D566B14CA2D0FF925AE4 /* TeamsView.swift */ = {isa = PBXFileReference; lastKnownFileType = sourcecode.swift; path = TeamsView.swift; sourceTree = "<group>"; };
		G7G7576135914F33D03353C2 /* TeamDetailView.swift */ = {isa = PBXFileReference; lastKnownFileType = sourcecode.swift; path = TeamDetailView.swift; sourceTree = "<group>"; };
/* End PBXFileReference section */

/* Begin PBXFrameworksBuildPhase section */
		PH_FRAMEWORKS_PHASE /* Frameworks */ = {
			isa = PBXFrameworksBuildPhase;
			buildActionMask = 2147483647;
			files = (
				PH_FRAMEWORK_REF /* PostHog in Frameworks */,
			);
			runOnlyForDeploymentPostprocessing = 0;
		};
/* End PBXFrameworksBuildPhase section */

/* Begin PBXGroup section */
		11761314C22DEB549131041B = {
			isa = PBXGroup;
			children = (
				034FAAB960EF8EA212E1E74D /* Assets.xcassets */,
				3658386F4CA1474CCEC1DDBF /* LaunchScreen.storyboard */,
				6771747F1D5668589422D030 /* App */,
				A9988D876A924D10DB482276 /* Fonts */,
				FDE81F1FC1EADBA92FD45F6F /* Models */,
				C3425137E7157B4FB569CF23 /* Services */,
				76656CFC9303FA10D0F9EF57 /* Utilities */,
				EB74701BDA5ABE5ECA7419BE /* ViewModels */,
				37913F5DAA6DEB39646C8B7A /* Views */,
				45A077DE83BF61402F71099A /* Products */,
			);
			sourceTree = "<group>";
		};
		3187B1B4DB7AF877B57E7D45 /* Stats */ = {
			isa = PBXGroup;
			children = (
				378D4B0EA3160B46C60C81F7 /* StatsSummarySection.swift */,
				B4DA98596FCFD4C9D5A84862 /* StatsView.swift */,
				62DA07468AB5549D6BEC6A54 /* Components */,
			);
			path = Stats;
			sourceTree = "<group>";
		};
		F3F3F3F3F3F3F3F3F3F30005 /* Community */ = {
			isa = PBXGroup;
			children = (
				F3F3F3F3F3F3F3F3F3F30003 /* CommunityView.swift */,
				F3F3F3F3F3F3F3F3F3F30004 /* LeaderboardCardView.swift */,
				B4B4B4B4B4B4B4B4B4B40003 /* AchievementsView.swift */,
				B4B4B4B4B4B4B4B4B4B40004 /* AchievementBadgeView.swift */,
				B4B4B4B4B4B4B4B4B4B40005 /* AchievementUnlockedSheet.swift */,
				D5D5D5D5D5D5D5D5D5D50003 /* ChallengesView.swift */,
				D5D5D5D5D5D5D5D5D5D50004 /* ChallengeDetailView.swift */,
				D5D5D5D5D5D5D5D5D5D50005 /* ChallengeCardView.swift */,
				F6F6F6F6F6F6F6F6F6F60003 /* EventsView.swift */,
				F6F6F6F6F6F6F6F6F6F60004 /* EventCardView.swift */,
				F6F6F6F6F6F6F6F6F6F60005 /* EventDetailView.swift */,
							G7G7544F134DFD2C31387ED5 /* UserSearchView.swift */,
				G7G7210E0B20BF212A117CA3 /* UserProfileView.swift */,
				G7G73EA25BE1F9FB7971B976 /* ActivityFeedView.swift */,
				G7G7D566B14CA2D0FF925AE4 /* TeamsView.swift */,
				G7G7576135914F33D03353C2 /* TeamDetailView.swift */,
			);
			path = Community;
			sourceTree = "<group>";
		};
		37913F5DAA6DEB39646C8B7A /* Views */ = {
			isa = PBXGroup;
			children = (
				CC4E64C470F7D93EB26DDC71 /* MainTabView.swift */,
				DA0737823FAA90539557DE71 /* targetBarCount.swift */,
				C1C1C1C1C1C1C1C1C1C10001 /* Auth */,
				F3F3F3F3F3F3F3F3F3F30005 /* Community */,
				CDF099085E24787967517E87 /* Components */,
				CE88DE45A7900F68A6F1FC74 /* Onboarding */,
				746CAF5521273696B32D0D93 /* Plan */,
				C1C1C1C1C1C1C1C1C1C10002 /* Profile */,
				4E0A84B49624810590F28244 /* Run */,
				B5822CBB6E2AC72D91D87189 /* Settings */,
				3187B1B4DB7AF877B57E7D45 /* Stats */,
			);
			path = Views;
			sourceTree = "<group>";
		};
		45A077DE83BF61402F71099A /* Products */ = {
			isa = PBXGroup;
			children = (
				6CD7CC89563B45008C986776 /* StrideApp.app */,
			);
			name = Products;
			sourceTree = "<group>";
		};
		4E0A84B49624810590F28244 /* Run */ = {
			isa = PBXGroup;
			children = (
				D1D61CC68A899445D3229F8C /* RunLobbyView.swift */,
				DF0D4A83A8A568CFE3C7455A /* RunSummaryView.swift */,
				9CCA5FC9521D91DEB1FCCEB8 /* RunView.swift */,
				4F805ECBD11AF4EDBBF6128C /* Components */,
			);
			path = Run;
			sourceTree = "<group>";
		};
		4F805ECBD11AF4EDBBF6128C /* Components */ = {
			isa = PBXGroup;
			children = (
				8D86146F3B33D3FD0DF50DFC /* PaceGraphView.swift */,
				20E3D610A8475F0E356EA2BC /* PaceLaneIndicator.swift */,
			);
			path = Components;
			sourceTree = "<group>";
		};
		62DA07468AB5549D6BEC6A54 /* Components */ = {
			isa = PBXGroup;
			children = (
				3C507C81F068AF03CB84A826 /* AdherenceView.swift */,
				EB46A9A61F08082A4F9F08EC /* DailyRunLogView.swift */,
				D88EB8478BA69F3274D7D089 /* DistanceBarChartView.swift */,
				655B97ADC1AC5D1395E20056 /* LongRunProgressView.swift */,
				57D55A5E63C92007730090DA /* MilestonesView.swift */,
				C8260DB216CEA87FA7ED1126 /* StatCardView.swift */,
				85F8A6A34303BBBF26085A40 /* StrengthSummaryView.swift */,
				FD9CC12B1C80611018D3AA5E /* TrainingCompositionView.swift */,
				F568C1AD0B3BF19624902296 /* TrainingIntensityView.swift */,
			);
			path = Components;
			sourceTree = "<group>";
		};
		6771747F1D5668589422D030 /* App */ = {
			isa = PBXGroup;
			children = (
				E32C01B6F36085FA2560AA9F /* ContentView.swift */,
				4606D673C404874E395422F9 /* StrideApp.swift */,
				F9EB90E244CCD02B0D2F1B2C /* Theme.swift */,
			);
			path = App;
			sourceTree = "<group>";
		};
		746CAF5521273696B32D0D93 /* Plan */ = {
			isa = PBXGroup;
			children = (
				FFFD5F0DCAB21632E5C504DF /* DayCardView.swift */,
				A1B2C3D4E5F60718A1B2C3D7 /* PlanEditInputView.swift */,
				E12C4563B3A9C86BC74AEF33 /* PlanView.swift */,
				8D39D6A0F2300867AEF3D76D /* RaceFinishView.swift */,
				49F41395A768E39642797E30 /* WeekAccordionView.swift */,
				2969E7015DB249175ABAF71A /* WorkoutDetailView.swift */,
				9DA5F79180C19566514B049A /* PerformanceAnalysisView.swift */,
			);
			path = Plan;
			sourceTree = "<group>";
		};
		76656CFC9303FA10D0F9EF57 /* Utilities */ = {
			isa = PBXGroup;
			children = (
				ECA49B5DFAFBEF8B31BC12CB /* Extensions.swift */,
				EC0623CDA6C862A5CE166B6A /* PlanLogger.swift */,
				C7F42E61428477E09BB5E6D6 /* RunScoringService.swift */,
			);
			path = Utilities;
			sourceTree = "<group>";
		};
		A9988D876A924D10DB482276 /* Fonts */ = {
			isa = PBXGroup;
			children = (
				E51BA7A68DA682181845EC5C /* BarlowCondensed-Bold.ttf */,
				0E26FF7EA84CBB3FC96F725B /* BarlowCondensed-Medium.ttf */,
				7B4C547D731A65985EFED66E /* BarlowCondensed-Regular.ttf */,
				BE5D39525560A6244F5756C6 /* BarlowCondensed-SemiBold.ttf */,
				B6F869B9E012FA4FAF212E39 /* Inter-Bold.ttf */,
				3CADF0916F4CC069C1A938FC /* Inter-Medium.ttf */,
				61F9F27F007E18C3ADAA4E3D /* Inter-Regular.ttf */,
				2403A009072F27A704EFAC83 /* Inter-SemiBold.ttf */,
				38F6B941F1713C27FA7F16C7 /* Inter-VariableFont_opsz,wght.ttf */,
			);
			path = Fonts;
			sourceTree = "<group>";
		};
		B5822CBB6E2AC72D91D87189 /* Settings */ = {
			isa = PBXGroup;
			children = (
				A1B2C3D4E5F60718A1B2C3D9 /* ArchivedPlansView.swift */,
				9A2DE0138F37155C1405C5C1 /* SettingsView.swift */,
				D569319A5A7EE27281DEA5BB /* TempWorkoutEditView.swift */,
			);
			path = Settings;
			sourceTree = "<group>";
		};
		C1C1C1C1C1C1C1C1C1C10001 /* Auth */ = {
			isa = PBXGroup;
			children = (
				A1A1A1A1A1A1A1A1A1A10004 /* AuthView.swift */,
				A1A1A1A1A1A1A1A1A1A10005 /* EmailAuthView.swift */,
				A1A1A1A1A1A1A1A1A1A10006 /* ProfileSetupView.swift */,
			);
			path = Auth;
			sourceTree = "<group>";
		};
		C1C1C1C1C1C1C1C1C1C10002 /* Profile */ = {
			isa = PBXGroup;
			children = (
				A1A1A1A1A1A1A1A1A1A10008 /* EditProfileView.swift */,
				A1A1A1A1A1A1A1A1A1A10007 /* ProfileView.swift */,
			);
			path = Profile;
			sourceTree = "<group>";
		};
		C3425137E7157B4FB569CF23 /* Services */ = {
			isa = PBXGroup;
			children = (
				C565B695627C8DAB71312497 /* APIService.swift */,
				A1A1A1A1A1A1A1A1A1A10001 /* AuthService.swift */,
				D0ACFBC0E7D1E283734B3557 /* BluetoothManager.swift */,
				73DE919FA162FA57A48745F5 /* FTMSTreadmillDataParser.swift */,
				A1A1A1A1A1A1A1A1A1A10002 /* KeychainService.swift */,
				4508956BF608D89094780105 /* PaceSmoother.swift */,
				0E9FC00211E41BFCA3AE0FCE /* PlanParser.swift */,
				3544FC46D8B898BFE07A3DFE /* SyncService.swift */,
			D2D2D2D2D2D2D2D2D2D20002 /* RunSyncService.swift */,
			);
			path = Services;
			sourceTree = "<group>";
		};
		CDF099085E24787967517E87 /* Components */ = {
			isa = PBXGroup;
			children = (
				B293E10EA0515FA169AB4FDB /* AILoaderView.swift */,
				B1AB1202FAF5CA52ED741430 /* IconBadge.swift */,
				A1A1A1A1A1A1A1A1A1A10009 /* ImagePicker.swift */,
				E05839BE194623D5E51B51F0 /* ProgressIndicator.swift */,
				C3FF22135B7559683C3C518A /* StrideIcons.swift */,
			);
			path = Components;
			sourceTree = "<group>";
		};
		CE88DE45A7900F68A6F1FC74 /* Onboarding */ = {
			isa = PBXGroup;
			children = (
				D02619DD7D3A6CE8F7C3A654 /* ConflictResolutionView.swift */,
				CA8720CE92C1E0587A35DC7A /* FitnessStepView.swift */,
				5F66260BECBE7C4BEEAD147D /* GoalStepView.swift */,
				1D6DD8C1DACF9E3B02AD5DE8 /* HistoryStepView.swift */,
				4BD0DA77CCEE4F4F1B410CAC /* OnboardingContainerView.swift */,
				2FBE1210D597AA057ACAA5CA /* PlanGenerationView.swift */,
				6C80CD798B1EF9E5F2C5AB4F /* ScheduleStepView.swift */,
			);
			path = Onboarding;
			sourceTree = "<group>";
		};
		EB74701BDA5ABE5ECA7419BE /* ViewModels */ = {
			isa = PBXGroup;
			children = (
				3D7D1971254E98A8E6A0092A /* OnboardingViewModel.swift */,
				A1B2C3D4E5F60718A1B2C3D5 /* PlanEditViewModel.swift */,
				53DA8DC5D138828DBCBEDBD0 /* PlanViewModel.swift */,
				5916DA4949AEE665B4FD810E /* RunViewModel.swift */,
				670673888B3CFAB76CA70992 /* StatsViewModel.swift */,
				B3CF3EB31D82DF81379B02BE /* PerformanceAnalysisViewModel.swift */,
			F3F3F3F3F3F3F3F3F3F30002 /* CommunityViewModel.swift */,
			B4B4B4B4B4B4B4B4B4B40002 /* AchievementsViewModel.swift */,
			D5D5D5D5D5D5D5D5D5D50002 /* ChallengesViewModel.swift */,
			F6F6F6F6F6F6F6F6F6F60002 /* EventsViewModel.swift */,
			G7G730B00EA5B87AD3DA9B77 /* UserSearchViewModel.swift */,
			G7G765A38338D3B27C14E7E2 /* ActivityFeedViewModel.swift */,
			G7G7F66608A7D2989DEC4AA7 /* TeamsViewModel.swift */,
			);
			path = ViewModels;
			sourceTree = "<group>";
		};
		FDE81F1FC1EADBA92FD45F6F /* Models */ = {
			isa = PBXGroup;
			children = (
				5B910AB57DF2D3765336ED56 /* APIModels.swift */,
				A1A1A1A1A1A1A1A1A1A10003 /* AuthModels.swift */,
				8365980CD8ACFABCB2E5879D /* DiscoveredDevice.swift */,
				CBDFBC256EBFCE12022D06BE /* Enums.swift */,
				948A740A4C44EAAA16974725 /* ParsedTreadmillSample.swift */,
				1AC48736D420DF38D1F8E27A /* RunIntensity.swift */,
				91A39BAF429C5E1B18997248 /* TrainingPlan.swift */,
				C86D64CA1EE9FE32AD9A0471 /* Week.swift */,
				BE9BABC194B98B14B66A3BAC /* Workout.swift */,
				4B8EA88AD31125E7128E98C4 /* WorkoutSample.swift */,
				0DECE321D074A4CA4D296A01 /* RunLog.swift */,
			D2D2D2D2D2D2D2D2D2D20001 /* SyncModels.swift */,
			F3F3F3F3F3F3F3F3F3F30001 /* CommunityModels.swift */,
			B4B4B4B4B4B4B4B4B4B40001 /* AchievementModels.swift */,
			D5D5D5D5D5D5D5D5D5D50001 /* ChallengeModels.swift */,
			F6F6F6F6F6F6F6F6F6F60001 /* EventModels.swift */,
			G7G71A64F5D4A1E5E1D32246 /* SocialModels.swift */,
			);
			path = Models;
			sourceTree = "<group>";
		};
/* End PBXGroup section */

/* Begin PBXNativeTarget section */
		74F633CDAAFEAEED3B8E59B2 /* StrideApp */ = {
			isa = PBXNativeTarget;
			buildConfigurationList = 3D8F366FBA644FE4F749FC30 /* Build configuration list for PBXNativeTarget "StrideApp" */;
			buildPhases = (
				E6D9BE4BBFC4D87CE8645629 /* Sources */,
				PH_FRAMEWORKS_PHASE /* Frameworks */,
				E72062DF9F0F07B65408E268 /* Resources */,
			);
			buildRules = (
			);
			dependencies = (
			);
			name = StrideApp;
			packageProductDependencies = (
				BD986FD12F40D81C00515D79 /* PostHog */,
			);
			productName = StrideApp;
			productReference = 6CD7CC89563B45008C986776 /* StrideApp.app */;
			productType = "com.apple.product-type.application";
		};
/* End PBXNativeTarget section */

/* Begin PBXProject section */
		B353CFFD8CD6663A42420EF0 /* Project object */ = {
			isa = PBXProject;
			attributes = {
				BuildIndependentTargetsInParallel = YES;
				LastUpgradeCheck = 1500;
			};
			buildConfigurationList = 7D3AC60858231BDA81EEF1B4 /* Build configuration list for PBXProject "StrideApp" */;
			compatibilityVersion = "Xcode 14.0";
			developmentRegion = en;
			hasScannedForEncodings = 0;
			knownRegions = (
				Base,
				en,
			);
			mainGroup = 11761314C22DEB549131041B;
			minimizedProjectReferenceProxies = 1;
			packageReferences = (
				BD986FD02F40D81C00515D79 /* XCRemoteSwiftPackageReference "posthog-ios" */,
			);
			projectDirPath = "";
			projectRoot = "";
			targets = (
				74F633CDAAFEAEED3B8E59B2 /* StrideApp */,
			);
		};
/* End PBXProject section */

/* Begin PBXResourcesBuildPhase section */
		E72062DF9F0F07B65408E268 /* Resources */ = {
			isa = PBXResourcesBuildPhase;
			buildActionMask = 2147483647;
			files = (
				9E22414D7AEFC96B76DB4103 /* Assets.xcassets in Resources */,
				FE272FC0F51F1066BEC6B46D /* BarlowCondensed-Bold.ttf in Resources */,
				3B6E622FB7A02B766F57D3B4 /* BarlowCondensed-Medium.ttf in Resources */,
				CAA191D96B407821677A2B28 /* BarlowCondensed-Regular.ttf in Resources */,
				0BE46DE624FFF1A2FDF02055 /* BarlowCondensed-SemiBold.ttf in Resources */,
				C281A005AFF4D227617CB330 /* Inter-Bold.ttf in Resources */,
				4BF47D9F50F92D3226E83440 /* Inter-Medium.ttf in Resources */,
				CB8F9F75867C1FBF5A51D26C /* Inter-Regular.ttf in Resources */,
				B29A4FEAF3DCEA590597D7D5 /* Inter-SemiBold.ttf in Resources */,
				0B60F542ABB0CFA5E9008DED /* Inter-VariableFont_opsz,wght.ttf in Resources */,
				AC3C6B2537EB3701C7F3717D /* LaunchScreen.storyboard in Resources */,
			);
			runOnlyForDeploymentPostprocessing = 0;
		};
/* End PBXResourcesBuildPhase section */

/* Begin PBXSourcesBuildPhase section */
		E6D9BE4BBFC4D87CE8645629 /* Sources */ = {
			isa = PBXSourcesBuildPhase;
			buildActionMask = 2147483647;
			files = (
				5F8B41B1DFE81501B387FAFD /* AILoaderView.swift in Sources */,
				032A3373AFA6492F46BC146F /* APIModels.swift in Sources */,
				FEDE74C63729822C2FDB5C2C /* APIService.swift in Sources */,
				D0E07D593E78C5B72766780D /* AdherenceView.swift in Sources */,
				5DD533C6B37DABD24E025D31 /* BluetoothManager.swift in Sources */,
				002BDC66CC0558A828A73A77 /* ConflictResolutionView.swift in Sources */,
				10143AC5EB7956C398B154B5 /* ContentView.swift in Sources */,
				DEB4E1DCDBC42112134F1AE9 /* DailyRunLogView.swift in Sources */,
				0DD25B3224EA0635C3450C96 /* DayCardView.swift in Sources */,
				3615430A3BC1456374B7B16B /* DiscoveredDevice.swift in Sources */,
				17C530E2AD98F91CBFF48EDD /* DistanceBarChartView.swift in Sources */,
				D2D830BF4AC1C534CB3380DB /* Enums.swift in Sources */,
				535FCAD742AE834E1503A837 /* Extensions.swift in Sources */,
				83570F0931123E1643719A96 /* FTMSTreadmillDataParser.swift in Sources */,
				833AF38B38F76E0FB6F4A35F /* FitnessStepView.swift in Sources */,
				41294782B7493218CDDA0585 /* GoalStepView.swift in Sources */,
				B096B07A71F0C6E24CA456C6 /* HistoryStepView.swift in Sources */,
				5F36E3F15372BFF46F0E5124 /* IconBadge.swift in Sources */,
				D2A17EA2B9B70166791C2458 /* LongRunProgressView.swift in Sources */,
				75098619A9473F99B871640D /* MainTabView.swift in Sources */,
				92C07D38DBB5E335B87497BA /* MilestonesView.swift in Sources */,
				57D906893C7FCE7B36B0E988 /* OnboardingContainerView.swift in Sources */,
				43BB06A2B540E6E56D71D9C9 /* OnboardingViewModel.swift in Sources */,
				0937548E0DD66D06C8FD8647 /* PaceGraphView.swift in Sources */,
				CD36443E14A94884ECABAB98 /* PaceSmoother.swift in Sources */,
				4367CBA9D75196C53E131817 /* ParsedTreadmillSample.swift in Sources */,
				C250AB80963A26F3ADFBFABC /* PlanGenerationView.swift in Sources */,
				E1E51C53610B11E225DAE7DE /* PlanLogger.swift in Sources */,
				A86CA2C5C2C55FE60F406C65 /* PlanParser.swift in Sources */,
				9B100CD117119562B7B08449 /* PlanView.swift in Sources */,
				A1B2C3D4E5F60718A1B2C3D4 /* PlanEditViewModel.swift in Sources */,
				A1B2C3D4E5F60718A1B2C3D6 /* PlanEditInputView.swift in Sources */,
				A1B2C3D4E5F60718A1B2C3D8 /* ArchivedPlansView.swift in Sources */,
				5CB5227B856A48363017DDCB /* PlanViewModel.swift in Sources */,
				5043F39D92A7E58637CAC9F2 /* ProgressIndicator.swift in Sources */,
				9560771F597566CE22EF32FB /* RaceFinishView.swift in Sources */,
				74B2921998D119710B64BDEB /* RunIntensity.swift in Sources */,
				D803C8703977A7ADD9784E4D /* RunLobbyView.swift in Sources */,
				ED231DE6D420D97EF7892620 /* RunScoringService.swift in Sources */,
				D947164B92B46FF721E7F36C /* RunSummaryView.swift in Sources */,
				DC12BA4C31747F5FB355F279 /* RunView.swift in Sources */,
				5633BADF6E1D4BEC739839B3 /* RunViewModel.swift in Sources */,
				7FB7097DC20FDC52F6CBC831 /* ScheduleStepView.swift in Sources */,
				43CD7411A83768019C5AA952 /* SettingsView.swift in Sources */,
				91C430BC9621D76EA785C2D7 /* StatCardView.swift in Sources */,
				3B5B6924126316EFF62BF0F3 /* StatsSummarySection.swift in Sources */,
				DEE2FDC5575302911E44450A /* StatsView.swift in Sources */,
				4E98DB43263378FBBEC4BB3E /* StatsViewModel.swift in Sources */,
				7ACE17A9F4CD43C4844A05BB /* StrengthSummaryView.swift in Sources */,
				FB247FE730FB98CBFA0BB5A6 /* StrideApp.swift in Sources */,
				C5CDFEB33FD79FFCCA5056C8 /* StrideIcons.swift in Sources */,
				D8D8E890053AB5306CB5F7FA /* SyncService.swift in Sources */,
				08F32B8EC8A4BA66E3D0744A /* TempWorkoutEditView.swift in Sources */,
				22BC046AC93C6CA3DE12B07B /* Theme.swift in Sources */,
				2254C8DD9D622BCDC08F314B /* TrainingCompositionView.swift in Sources */,
				448E32F9221A354DB6841434 /* TrainingIntensityView.swift in Sources */,
				9B6D971D2853E4505809E0A8 /* TrainingPlan.swift in Sources */,
				8B17FBE21F2390DE2F387629 /* Week.swift in Sources */,
				6152AFFFB51E3B2CAE346D20 /* WeekAccordionView.swift in Sources */,
				4857884318492D4BB6AFC900 /* Workout.swift in Sources */,
				06B4883AFC84A26DF0C4C646 /* WorkoutDetailView.swift in Sources */,
				5F878B3ED5D302EF0B8CBC6B /* WorkoutSample.swift in Sources */,
				092975510DCAE21B702F02CA /* targetBarCount.swift in Sources */,
				043A640A42E32B50BE10C075 /* RunLog.swift in Sources */,
				B21D0EF48936007584D446E4 /* PerformanceAnalysisViewModel.swift in Sources */,
				3A175D743258DA7555ACA133 /* PerformanceAnalysisView.swift in Sources */,
				B03C48A3E33CB6AE9F692E46 /* PaceLaneIndicator.swift in Sources */,
				B1B1B1B1B1B1B1B1B1B10001 /* AuthService.swift in Sources */,
				B1B1B1B1B1B1B1B1B1B10002 /* KeychainService.swift in Sources */,
				B1B1B1B1B1B1B1B1B1B10003 /* AuthModels.swift in Sources */,
				B1B1B1B1B1B1B1B1B1B10004 /* AuthView.swift in Sources */,
				B1B1B1B1B1B1B1B1B1B10005 /* EmailAuthView.swift in Sources */,
				B1B1B1B1B1B1B1B1B1B10006 /* ProfileSetupView.swift in Sources */,
				B1B1B1B1B1B1B1B1B1B10007 /* ProfileView.swift in Sources */,
				B1B1B1B1B1B1B1B1B1B10008 /* EditProfileView.swift in Sources */,
				B1B1B1B1B1B1B1B1B1B10009 /* ImagePicker.swift in Sources */,
				C2C2C2C2C2C2C2C2C2C20001 /* SyncModels.swift in Sources */,
				C2C2C2C2C2C2C2C2C2C20002 /* RunSyncService.swift in Sources */,
				E3E3E3E3E3E3E3E3E3E30001 /* CommunityModels.swift in Sources */,
				E3E3E3E3E3E3E3E3E3E30002 /* CommunityViewModel.swift in Sources */,
				E3E3E3E3E3E3E3E3E3E30003 /* CommunityView.swift in Sources */,
				E3E3E3E3E3E3E3E3E3E30004 /* LeaderboardCardView.swift in Sources */,
				A4A4A4A4A4A4A4A4A4A40001 /* AchievementModels.swift in Sources */,
				A4A4A4A4A4A4A4A4A4A40002 /* AchievementsViewModel.swift in Sources */,
				A4A4A4A4A4A4A4A4A4A40003 /* AchievementsView.swift in Sources */,
				A4A4A4A4A4A4A4A4A4A40004 /* AchievementBadgeView.swift in Sources */,
				A4A4A4A4A4A4A4A4A4A40005 /* AchievementUnlockedSheet.swift in Sources */,
				C5C5C5C5C5C5C5C5C5C50001 /* ChallengeModels.swift in Sources */,
				C5C5C5C5C5C5C5C5C5C50002 /* ChallengesViewModel.swift in Sources */,
				C5C5C5C5C5C5C5C5C5C50003 /* ChallengesView.swift in Sources */,
				C5C5C5C5C5C5C5C5C5C50004 /* ChallengeDetailView.swift in Sources */,
				C5C5C5C5C5C5C5C5C5C50005 /* ChallengeCardView.swift in Sources */,
				E6E6E6E6E6E6E6E6E6E60001 /* EventModels.swift in Sources */,
				E6E6E6E6E6E6E6E6E6E60002 /* EventsViewModel.swift in Sources */,
				E6E6E6E6E6E6E6E6E6E60003 /* EventsView.swift in Sources */,
				E6E6E6E6E6E6E6E6E6E60004 /* EventCardView.swift in Sources */,
				E6E6E6E6E6E6E6E6E6E60005 /* EventDetailView.swift in Sources */,
							H8H89912974A5FE1A48E0D26 /* SocialModels.swift in Sources */,
				H8H858862AB582138872F5E5 /* UserSearchViewModel.swift in Sources */,
				H8H863B9BE92BBAC44570D40 /* ActivityFeedViewModel.swift in Sources */,
				H8H80F0ED2452ACCB3AAFF73 /* TeamsViewModel.swift in Sources */,
				H8H8D04E33B9DC8D4CA08AEE /* UserSearchView.swift in Sources */,
				H8H8FB126CBD63F3D71615E5 /* UserProfileView.swift in Sources */,
				H8H8D9772F4C7F46F140A12F /* ActivityFeedView.swift in Sources */,
				H8H845E7BA0C5269D16C5360 /* TeamsView.swift in Sources */,
				H8H8B66509D0299860D67E24 /* TeamDetailView.swift in Sources */,
			);
			runOnlyForDeploymentPostprocessing = 0;
		};
/* End PBXSourcesBuildPhase section */

/* Begin XCBuildConfiguration section */
		515EA149FDCBCE890094F437 /* Debug */ = {
			isa = XCBuildConfiguration;
			buildSettings = {
				ASSETCATALOG_COMPILER_APPICON_NAME = AppIcon;
				ASSETCATALOG_COMPILER_GLOBAL_ACCENT_COLOR_NAME = AccentColor;
				CODE_SIGN_ENTITLEMENTS = StrideApp.entitlements;
				CODE_SIGN_IDENTITY = "iPhone Developer";
				CURRENT_PROJECT_VERSION = 1;
				DEVELOPMENT_TEAM = VAC2837QGB;
				ENABLE_PREVIEWS = YES;
				INFOPLIST_FILE = Info.plist;
				INFOPLIST_KEY_CFBundleDisplayName = Stride;
				INFOPLIST_KEY_LSApplicationCategoryType = "public.app-category.healthcare-fitness";
				LD_RUNPATH_SEARCH_PATHS = (
					"$(inherited)",
					"@executable_path/Frameworks",
				);
				MARKETING_VERSION = 1.0;
				PRODUCT_BUNDLE_IDENTIFIER = "com.stride-v.2.app";
				SDKROOT = iphoneos;
				SWIFT_OPTIMIZATION_LEVEL = "-Onone";
				SWIFT_VERSION = 5.0;
				TARGETED_DEVICE_FAMILY = "1,2";
			};
			name = Debug;
		};
		B60D32CF51F7ECEA58F71657 /* Debug */ = {
			isa = XCBuildConfiguration;
			buildSettings = {
				ALWAYS_SEARCH_USER_PATHS = NO;
				CLANG_ANALYZER_NONNULL = YES;
				CLANG_ANALYZER_NUMBER_OBJECT_CONVERSION = YES_AGGRESSIVE;
				CLANG_CXX_LANGUAGE_STANDARD = "gnu++14";
				CLANG_CXX_LIBRARY = "libc++";
				CLANG_ENABLE_MODULES = YES;
				CLANG_ENABLE_OBJC_ARC = YES;
				CLANG_ENABLE_OBJC_WEAK = YES;
				CLANG_WARN_BLOCK_CAPTURE_AUTORELEASING = YES;
				CLANG_WARN_BOOL_CONVERSION = YES;
				CLANG_WARN_COMMA = YES;
				CLANG_WARN_CONSTANT_CONVERSION = YES;
				CLANG_WARN_DEPRECATED_OBJC_IMPLEMENTATIONS = YES;
				CLANG_WARN_DIRECT_OBJC_ISA_USAGE = YES_ERROR;
				CLANG_WARN_DOCUMENTATION_COMMENTS = YES;
				CLANG_WARN_EMPTY_BODY = YES;
				CLANG_WARN_ENUM_CONVERSION = YES;
				CLANG_WARN_INFINITE_RECURSION = YES;
				CLANG_WARN_INT_CONVERSION = YES;
				CLANG_WARN_NON_LITERAL_NULL_CONVERSION = YES;
				CLANG_WARN_OBJC_IMPLICIT_RETAIN_SELF = YES;
				CLANG_WARN_OBJC_LITERAL_CONVERSION = YES;
				CLANG_WARN_OBJC_ROOT_CLASS = YES_ERROR;
				CLANG_WARN_QUOTED_INCLUDE_IN_FRAMEWORK_HEADER = YES;
				CLANG_WARN_RANGE_LOOP_ANALYSIS = YES;
				CLANG_WARN_STRICT_PROTOTYPES = YES;
				CLANG_WARN_SUSPICIOUS_MOVE = YES;
				CLANG_WARN_UNGUARDED_AVAILABILITY = YES_AGGRESSIVE;
				CLANG_WARN_UNREACHABLE_CODE = YES;
				CLANG_WARN__DUPLICATE_METHOD_MATCH = YES;
				COPY_PHASE_STRIP = NO;
				DEBUG_INFORMATION_FORMAT = dwarf;
				ENABLE_STRICT_OBJC_MSGSEND = YES;
				ENABLE_TESTABILITY = YES;
				GCC_C_LANGUAGE_STANDARD = gnu11;
				GCC_DYNAMIC_NO_PIC = NO;
				GCC_NO_COMMON_BLOCKS = YES;
				GCC_OPTIMIZATION_LEVEL = 0;
				GCC_PREPROCESSOR_DEFINITIONS = (
					"$(inherited)",
					"DEBUG=1",
				);
				GCC_WARN_64_TO_32_BIT_CONVERSION = YES;
				GCC_WARN_ABOUT_RETURN_TYPE = YES_ERROR;
				GCC_WARN_UNDECLARED_SELECTOR = YES;
				GCC_WARN_UNINITIALIZED_AUTOS = YES_AGGRESSIVE;
				GCC_WARN_UNUSED_FUNCTION = YES;
				GCC_WARN_UNUSED_VARIABLE = YES;
				IPHONEOS_DEPLOYMENT_TARGET = 17.0;
				MTL_ENABLE_DEBUG_INFO = INCLUDE_SOURCE;
				MTL_FAST_MATH = YES;
				ONLY_ACTIVE_ARCH = YES;
				PRODUCT_NAME = "$(TARGET_NAME)";
				SDKROOT = iphoneos;
				SWIFT_ACTIVE_COMPILATION_CONDITIONS = DEBUG;
				SWIFT_OPTIMIZATION_LEVEL = "-Onone";
				SWIFT_VERSION = 5.0;
			};
			name = Debug;
		};
		B6DE1A054E69C3F4AB5728F4 /* Release */ = {
			isa = XCBuildConfiguration;
			buildSettings = {
				ALWAYS_SEARCH_USER_PATHS = NO;
				CLANG_ANALYZER_NONNULL = YES;
				CLANG_ANALYZER_NUMBER_OBJECT_CONVERSION = YES_AGGRESSIVE;
				CLANG_CXX_LANGUAGE_STANDARD = "gnu++14";
				CLANG_CXX_LIBRARY = "libc++";
				CLANG_ENABLE_MODULES = YES;
				CLANG_ENABLE_OBJC_ARC = YES;
				CLANG_ENABLE_OBJC_WEAK = YES;
				CLANG_WARN_BLOCK_CAPTURE_AUTORELEASING = YES;
				CLANG_WARN_BOOL_CONVERSION = YES;
				CLANG_WARN_COMMA = YES;
				CLANG_WARN_CONSTANT_CONVERSION = YES;
				CLANG_WARN_DEPRECATED_OBJC_IMPLEMENTATIONS = YES;
				CLANG_WARN_DIRECT_OBJC_ISA_USAGE = YES_ERROR;
				CLANG_WARN_DOCUMENTATION_COMMENTS = YES;
				CLANG_WARN_EMPTY_BODY = YES;
				CLANG_WARN_ENUM_CONVERSION = YES;
				CLANG_WARN_INFINITE_RECURSION = YES;
				CLANG_WARN_INT_CONVERSION = YES;
				CLANG_WARN_NON_LITERAL_NULL_CONVERSION = YES;
				CLANG_WARN_OBJC_IMPLICIT_RETAIN_SELF = YES;
				CLANG_WARN_OBJC_LITERAL_CONVERSION = YES;
				CLANG_WARN_OBJC_ROOT_CLASS = YES_ERROR;
				CLANG_WARN_QUOTED_INCLUDE_IN_FRAMEWORK_HEADER = YES;
				CLANG_WARN_RANGE_LOOP_ANALYSIS = YES;
				CLANG_WARN_STRICT_PROTOTYPES = YES;
				CLANG_WARN_SUSPICIOUS_MOVE = YES;
				CLANG_WARN_UNGUARDED_AVAILABILITY = YES_AGGRESSIVE;
				CLANG_WARN_UNREACHABLE_CODE = YES;
				CLANG_WARN__DUPLICATE_METHOD_MATCH = YES;
				COPY_PHASE_STRIP = NO;
				DEBUG_INFORMATION_FORMAT = "dwarf-with-dsym";
				ENABLE_NS_ASSERTIONS = NO;
				ENABLE_STRICT_OBJC_MSGSEND = YES;
				GCC_C_LANGUAGE_STANDARD = gnu11;
				GCC_NO_COMMON_BLOCKS = YES;
				GCC_WARN_64_TO_32_BIT_CONVERSION = YES;
				GCC_WARN_ABOUT_RETURN_TYPE = YES_ERROR;
				GCC_WARN_UNDECLARED_SELECTOR = YES;
				GCC_WARN_UNINITIALIZED_AUTOS = YES_AGGRESSIVE;
				GCC_WARN_UNUSED_FUNCTION = YES;
				GCC_WARN_UNUSED_VARIABLE = YES;
				IPHONEOS_DEPLOYMENT_TARGET = 17.0;
				MTL_ENABLE_DEBUG_INFO = NO;
				MTL_FAST_MATH = YES;
				PRODUCT_NAME = "$(TARGET_NAME)";
				SDKROOT = iphoneos;
				SWIFT_COMPILATION_MODE = wholemodule;
				SWIFT_OPTIMIZATION_LEVEL = "-O";
				SWIFT_VERSION = 5.0;
			};
			name = Release;
		};
		FA0D7861E91A4680A798E46A /* Release */ = {
			isa = XCBuildConfiguration;
			buildSettings = {
				ASSETCATALOG_COMPILER_APPICON_NAME = AppIcon;
				ASSETCATALOG_COMPILER_GLOBAL_ACCENT_COLOR_NAME = AccentColor;
				CODE_SIGN_ENTITLEMENTS = StrideApp.entitlements;
				CODE_SIGN_IDENTITY = "iPhone Developer";
				CURRENT_PROJECT_VERSION = 1;
				DEVELOPMENT_TEAM = VAC2837QGB;
				ENABLE_PREVIEWS = YES;
				INFOPLIST_FILE = Info.plist;
				INFOPLIST_KEY_CFBundleDisplayName = Stride;
				INFOPLIST_KEY_LSApplicationCategoryType = "public.app-category.healthcare-fitness";
				LD_RUNPATH_SEARCH_PATHS = (
					"$(inherited)",
					"@executable_path/Frameworks",
				);
				MARKETING_VERSION = 1.0;
				PRODUCT_BUNDLE_IDENTIFIER = "com.stride-v.2.app";
				SDKROOT = iphoneos;
				SWIFT_OPTIMIZATION_LEVEL = "-O";
				SWIFT_VERSION = 5.0;
				TARGETED_DEVICE_FAMILY = "1,2";
			};
			name = Release;
		};
/* End XCBuildConfiguration section */

/* Begin XCConfigurationList section */
		3D8F366FBA644FE4F749FC30 /* Build configuration list for PBXNativeTarget "StrideApp" */ = {
			isa = XCConfigurationList;
			buildConfigurations = (
				515EA149FDCBCE890094F437 /* Debug */,
				FA0D7861E91A4680A798E46A /* Release */,
			);
			defaultConfigurationIsVisible = 0;
			defaultConfigurationName = Debug;
		};
		7D3AC60858231BDA81EEF1B4 /* Build configuration list for PBXProject "StrideApp" */ = {
			isa = XCConfigurationList;
			buildConfigurations = (
				B60D32CF51F7ECEA58F71657 /* Debug */,
				B6DE1A054E69C3F4AB5728F4 /* Release */,
			);
			defaultConfigurationIsVisible = 0;
			defaultConfigurationName = Debug;
		};
/* End XCConfigurationList section */

/* Begin XCRemoteSwiftPackageReference section */
		BD986FD02F40D81C00515D79 /* XCRemoteSwiftPackageReference "posthog-ios" */ = {
			isa = XCRemoteSwiftPackageReference;
			repositoryURL = "https://github.com/PostHog/posthog-ios";
			requirement = {
				kind = upToNextMajorVersion;
				minimumVersion = 3.41.1;
			};
		};
/* End XCRemoteSwiftPackageReference section */

/* Begin XCSwiftPackageProductDependency section */
		BD986FD12F40D81C00515D79 /* PostHog */ = {
			isa = XCSwiftPackageProductDependency;
			package = BD986FD02F40D81C00515D79 /* XCRemoteSwiftPackageReference "posthog-ios" */;
			productName = PostHog;
		};
/* End XCSwiftPackageProductDependency section */
	};
	rootObject = B353CFFD8CD6663A42420EF0 /* Project object */;
}
